
Microsoft Visual Studio Solution File, Format Version 12.00
# Visual Studio Version 17
VisualStudioVersion = 17.0.31903.59
MinimumVisualStudioVersion = 10.0.40219.1
Project("{2150E333-8FDC-42A3-9474-1A3956D46DE8}") = "Example1-cs", "Example1-cs", "{19647D12-29D2-F03A-8AE5-7C754344A6CF}"
EndProject
Project("{FAE04EC0-301F-11D3-BF4B-00C04F79EFBC}") = "Exmaple1", "Example1-cs\Exmaple1\Exmaple1.csproj", "{373A3D41-6104-4661-9E19-F0E8D97C188C}"
EndProject
Global
	GlobalSection(SolutionConfigurationPlatforms) = preSolution
		Debug|Any CPU = Debug|Any CPU
		Debug|x64 = Debug|x64
		Debug|x86 = Debug|x86
		Release|Any CPU = Release|Any CPU
		Release|x64 = Release|x64
		Release|x86 = Release|x86
	EndGlobalSection
	GlobalSection(ProjectConfigurationPlatforms) = postSolution
		{373A3D41-6104-4661-9E19-F0E8D97C188C}.Debug|Any CPU.ActiveCfg = Debug|Any CPU
		{373A3D41-6104-4661-9E19-F0E8D97C188C}.Debug|Any CPU.Build.0 = Debug|Any CPU
		{373A3D41-6104-4661-9E19-F0E8D97C188C}.Debug|x64.ActiveCfg = Debug|Any CPU
		{373A3D41-6104-4661-9E19-F0E8D97C188C}.Debug|x64.Build.0 = Debug|Any CPU
		{373A3D41-6104-4661-9E19-F0E8D97C188C}.Debug|x86.ActiveCfg = Debug|Any CPU
		{373A3D41-6104-4661-9E19-F0E8D97C188C}.Debug|x86.Build.0 = Debug|Any CPU
		{373A3D41-6104-4661-9E19-F0E8D97C188C}.Release|Any CPU.ActiveCfg = Release|Any CPU
		{373A3D41-6104-4661-9E19-F0E8D97C188C}.Release|Any CPU.Build.0 = Release|Any CPU
		{373A3D41-6104-4661-9E19-F0E8D97C188C}.Release|x64.ActiveCfg = Release|Any CPU
		{373A3D41-6104-4661-9E19-F0E8D97C188C}.Release|x64.Build.0 = Release|Any CPU
		{373A3D41-6104-4661-9E19-F0E8D97C188C}.Release|x86.ActiveCfg = Release|Any CPU
		{373A3D41-6104-4661-9E19-F0E8D97C188C}.Release|x86.Build.0 = Release|Any CPU
	EndGlobalSection
	GlobalSection(SolutionProperties) = preSolution
		HideSolutionNode = FALSE
	EndGlobalSection
	GlobalSection(NestedProjects) = preSolution
		{373A3D41-6104-4661-9E19-F0E8D97C188C} = {19647D12-29D2-F03A-8AE5-7C754344A6CF}
	EndGlobalSection
EndGlobal
